<?xml version="1.0" encoding="utf-8"?>
<Project ToolsVersion="17.0" xmlns="http://schemas.microsoft.com/developer/msbuild/2003">
  <ItemGroup>
    <ClCompile Include="C:\Users\Гурбан\Documents\git\Home\c++\Img_lib\src\main.cpp">
      <Filter>Source Files</Filter>
    </ClCompile>
    <ClCompile Include="C:\Users\Гурбан\Documents\git\Home\c++\Img_lib\src\img_lib.cpp">
      <Filter>Source Files</Filter>
    </ClCompile>
    <ClCompile Include="C:\Users\Гурбан\Documents\git\Home\c++\Img_lib\src\ppm_image.cpp">
      <Filter>Source Files</Filter>
    </ClCompile>
  </ItemGroup>
  <ItemGroup>
    <ClInclude Include="C:\Users\Гурбан\Documents\git\Home\c++\Img_lib\src\img_lib.h">
      <Filter>Header Files</Filter>
    </ClInclude>
    <ClInclude Include="C:\Users\Гурбан\Documents\git\Home\c++\Img_lib\src\ppm_image.h">
      <Filter>Header Files</Filter>
    </ClInclude>
  </ItemGroup>
  <ItemGroup>
    <CustomBuild Include="C:\Users\Гурбан\Documents\git\Home\c++\Img_lib\CMakeLists.txt" />
  </ItemGroup>
  <ItemGroup>
    <Filter Include="Header Files">
      <UniqueIdentifier>{3A0FBD60-6FDF-30AB-8F9D-1FCD98DAF7B9}</UniqueIdentifier>
    </Filter>
    <Filter Include="Source Files">
      <UniqueIdentifier>{E6028FE0-7B4B-30E1-8AFB-FDE4FD2127D4}</UniqueIdentifier>
    </Filter>
  </ItemGroup>
</Project>
