<?xml version="1.0" encoding="utf-8"?>
<Project ToolsVersion="17.0" xmlns="http://schemas.microsoft.com/developer/msbuild/2003">
  <ItemGroup>
    <CustomBuild Include="C:\Users\Гурбан\Documents\git\Home\c++\imgLB_cmake_build\CMakeFiles\dc5a7897c964ed936d2bb43e621e229e\generate.stamp.rule">
      <Filter>CMake Rules</Filter>
    </CustomBuild>
  </ItemGroup>
  <ItemGroup>
    <Filter Include="CMake Rules">
      <UniqueIdentifier>{A6929E9A-5C2A-3F79-BBA8-EEFFA62B5E3E}</UniqueIdentifier>
    </Filter>
  </ItemGroup>
</Project>
